
Microsoft Visual Studio Solution File, Format Version 12.00
Project("{FAE04EC0-301F-11D3-BF4B-00C04F79EFBC}") = "Covid-19_Arkanoid", "Covid-19_Arkanoid.csproj", "{8FEDC701-12A0-41E4-8CA8-84E57515B9AD}"
EndProject
Global
	GlobalSection(SolutionConfigurationPlatforms) = preSolution
		Debug|Any CPU = Debug|Any CPU
		Release|Any CPU = Release|Any CPU
	EndGlobalSection
	GlobalSection(ProjectConfigurationPlatforms) = postSolution
		{8FEDC701-12A0-41E4-8CA8-84E57515B9AD}.Debug|Any CPU.ActiveCfg = Debug|Any CPU
		{8FEDC701-12A0-41E4-8CA8-84E57515B9AD}.Debug|Any CPU.Build.0 = Debug|Any CPU
		{8FEDC701-12A0-41E4-8CA8-84E57515B9AD}.Release|Any CPU.ActiveCfg = Release|Any CPU
		{8FEDC701-12A0-41E4-8CA8-84E57515B9AD}.Release|Any CPU.Build.0 = Release|Any CPU
	EndGlobalSection
EndGlobal
